{
  "name": "paddlejs-demo",
  "version": "0.0.1",
  "lockfileVersion": 1,
  "requires": true,
  "dependencies": {
    "@paddlejs/paddlejs-backend-webgl": {
      "version": "1.2.0",
      "resolved": "https://registry.npmjs.org/@paddlejs/paddlejs-backend-webgl/-/paddlejs-backend-webgl-1.2.0.tgz",
      "integrity": "sha512-bKJKJkGldC3NPOuJyk+372z0XW1dd1D9lR0f9OHqWQboY0Mkah+gX+8tkerrNg+QjYz88IW0iJaRKB0jm+6d9g=="
    },
    "@paddlejs/paddlejs-core": {
      "version": "2.1.18",
      "resolved": "https://registry.npmjs.org/@paddlejs/paddlejs-core/-/paddlejs-core-2.1.18.tgz",
      "integrity": "sha512-QrXxwaHm4llp1sxbUq/oCCqlYx4ciXanBn/Lfq09UqR4zkYi5SptacQlIxgJ70HOO6RWIxjWN4liQckMwa2TkA=="
    },
    "d3-polygon": {
      "version": "2.0.0",
      "resolved": "https://registry.npmjs.org/d3-polygon/-/d3-polygon-2.0.0.tgz",
      "integrity": "sha512-MsexrCK38cTGermELs0cO1d79DcTsQRN7IWMJKczD/2kBjzNXxLUWP33qRF6VDpiLV/4EI4r6Gs0DAWQkE8pSQ=="
    },
    "js-clipper": {
      "version": "1.0.1",
      "resolved": "https://registry.npmjs.org/js-clipper/-/js-clipper-1.0.1.tgz",
      "integrity": "sha1-TWsHQ0pECOfBKeMiAc5m0hR07SE="
    },
    "number-precision": {
      "version": "1.5.2",
      "resolved": "https://registry.npmjs.org/number-precision/-/number-precision-1.5.2.tgz",
      "integrity": "sha512-q7C1ZW3FyjsJ+IpGB6ykX8OWWa5+6M+hEY0zXBlzq1Sq1IPY9GeI3CQ9b2i6CMIYoeSuFhop2Av/OhCxClXqag=="
    }
  }
}
