{
  "name": "paddlejs-demo",
  "version": "0.0.1",
  "lockfileVersion": 2,
  "requires": true,
  "packages": {
    "": {
      "name": "paddlejs-demo",
      "version": "0.0.1",
      "license": "ISC",
      "dependencies": {
        "@paddlejs/paddlejs-backend-webgl": "^1.2.0",
        "@paddlejs/paddlejs-core": "^2.1.18",
        "d3-polygon": "2.0.0",
        "js-clipper": "1.0.1",
        "number-precision": "1.5.2"
      }
    },
    "node_modules/@paddlejs/paddlejs-backend-webgl": {
      "version": "1.2.9",
      "resolved": "https://registry.npmjs.org/@paddlejs/paddlejs-backend-webgl/-/paddlejs-backend-webgl-1.2.9.tgz",
      "integrity": "sha512-cVDa0/Wbw2EyfsYqdYUPhFeqKsET79keEUWjyhYQmQkJfWg8j1qdR6yp7g6nx9qAGrqFvwuj1s0EqkYA1dok6A=="
    },
    "node_modules/@paddlejs/paddlejs-core": {
      "version": "2.2.0",
      "resolved": "https://registry.npmjs.org/@paddlejs/paddlejs-core/-/paddlejs-core-2.2.0.tgz",
      "integrity": "sha512-P3rPkF9fFHtq8uSte5gA7fJQwBNl9Ytsvj6aTcfQSsirnBO/HxMNu0gJyh7+lItvEtF92PR15eI0eOwJYfZDhQ=="
    },
    "node_modules/d3-polygon": {
      "version": "2.0.0",
      "resolved": "https://registry.npmjs.org/d3-polygon/-/d3-polygon-2.0.0.tgz",
      "integrity": "sha512-MsexrCK38cTGermELs0cO1d79DcTsQRN7IWMJKczD/2kBjzNXxLUWP33qRF6VDpiLV/4EI4r6Gs0DAWQkE8pSQ=="
    },
    "node_modules/js-clipper": {
      "version": "1.0.1",
      "resolved": "https://registry.npmjs.org/js-clipper/-/js-clipper-1.0.1.tgz",
      "integrity": "sha512-0XYAS0ZoCki5K0fWwj8j8ug4mgxHXReW3ayPbVqr4zXPJuIs2pyvemL1sALadsEiAywZwW5Ify1XfU4bNJvokg=="
    },
    "node_modules/number-precision": {
      "version": "1.5.2",
      "resolved": "https://registry.npmjs.org/number-precision/-/number-precision-1.5.2.tgz",
      "integrity": "sha512-q7C1ZW3FyjsJ+IpGB6ykX8OWWa5+6M+hEY0zXBlzq1Sq1IPY9GeI3CQ9b2i6CMIYoeSuFhop2Av/OhCxClXqag=="
    }
  },
  "dependencies": {
    "@paddlejs/paddlejs-backend-webgl": {
      "version": "1.2.9",
      "resolved": "https://registry.npmjs.org/@paddlejs/paddlejs-backend-webgl/-/paddlejs-backend-webgl-1.2.9.tgz",
      "integrity": "sha512-cVDa0/Wbw2EyfsYqdYUPhFeqKsET79keEUWjyhYQmQkJfWg8j1qdR6yp7g6nx9qAGrqFvwuj1s0EqkYA1dok6A=="
    },
    "@paddlejs/paddlejs-core": {
      "version": "2.2.0",
      "resolved": "https://registry.npmjs.org/@paddlejs/paddlejs-core/-/paddlejs-core-2.2.0.tgz",
      "integrity": "sha512-P3rPkF9fFHtq8uSte5gA7fJQwBNl9Ytsvj6aTcfQSsirnBO/HxMNu0gJyh7+lItvEtF92PR15eI0eOwJYfZDhQ=="
    },
    "d3-polygon": {
      "version": "2.0.0",
      "resolved": "https://registry.npmjs.org/d3-polygon/-/d3-polygon-2.0.0.tgz",
      "integrity": "sha512-MsexrCK38cTGermELs0cO1d79DcTsQRN7IWMJKczD/2kBjzNXxLUWP33qRF6VDpiLV/4EI4r6Gs0DAWQkE8pSQ=="
    },
    "js-clipper": {
      "version": "1.0.1",
      "resolved": "https://registry.npmjs.org/js-clipper/-/js-clipper-1.0.1.tgz",
      "integrity": "sha512-0XYAS0ZoCki5K0fWwj8j8ug4mgxHXReW3ayPbVqr4zXPJuIs2pyvemL1sALadsEiAywZwW5Ify1XfU4bNJvokg=="
    },
    "number-precision": {
      "version": "1.5.2",
      "resolved": "https://registry.npmjs.org/number-precision/-/number-precision-1.5.2.tgz",
      "integrity": "sha512-q7C1ZW3FyjsJ+IpGB6ykX8OWWa5+6M+hEY0zXBlzq1Sq1IPY9GeI3CQ9b2i6CMIYoeSuFhop2Av/OhCxClXqag=="
    }
  }
}
